
Microsoft Visual Studio Solution File, Format Version 12.00
# Visual Studio Version 17
VisualStudioVersion = 17.11.35312.102
MinimumVisualStudioVersion = 10.0.40219.1
Project("{9A19103F-16F7-4668-BE54-9A1E7A4F7556}") = "DictionaryAPI", "DictionaryAPI.csproj", "{CBFBE575-9415-470B-9072-3510E73B4B30}"
EndProject
Global
	GlobalSection(SolutionConfigurationPlatforms) = preSolution
		Debug|Any CPU = Debug|Any CPU
		Release|Any CPU = Release|Any CPU
	EndGlobalSection
	GlobalSection(ProjectConfigurationPlatforms) = postSolution
		{CBFBE575-9415-470B-9072-3510E73B4B30}.Debug|Any CPU.ActiveCfg = Debug|Any CPU
		{CBFBE575-9415-470B-9072-3510E73B4B30}.Debug|Any CPU.Build.0 = Debug|Any CPU
		{CBFBE575-9415-470B-9072-3510E73B4B30}.Release|Any CPU.ActiveCfg = Release|Any CPU
		{CBFBE575-9415-470B-9072-3510E73B4B30}.Release|Any CPU.Build.0 = Release|Any CPU
	EndGlobalSection
	GlobalSection(SolutionProperties) = preSolution
		HideSolutionNode = FALSE
	EndGlobalSection
	GlobalSection(ExtensibilityGlobals) = postSolution
		SolutionGuid = {0C8DD8E8-16AA-4CAA-ADE1-305C3AC685C6}
	EndGlobalSection
EndGlobal
